// !$*UTF8*$!
{
	archiveVersion = 1;
	classes = {
	};
	objectVersion = 46;
	objects = {

/* Begin PBXBuildFile section */
		1E0E07B51A7E8139001342C5 /* flap fly-01.png in Resources */ = {isa = PBXBuildFile; fileRef = 1E0E07B31A7E8138001342C5 /* flap fly-01.png */; };
		1E0E07B61A7E8139001342C5 /* flap fly-02.png in Resources */ = {isa = PBXBuildFile; fileRef = 1E0E07B41A7E8139001342C5 /* flap fly-02.png */; };
		1E0E07B91A7E82E1001342C5 /* flap-flay-01.png in Resources */ = {isa = PBXBuildFile; fileRef = 1E0E07B71A7E82E1001342C5 /* flap-flay-01.png */; };
		1E0E07BA1A7E82E1001342C5 /* flap-flay-02.png in Resources */ = {isa = PBXBuildFile; fileRef = 1E0E07B81A7E82E1001342C5 /* flap-flay-02.png */; };
		1E0E07BC1A7E87A7001342C5 /* flap-flay-03.png in Resources */ = {isa = PBXBuildFile; fileRef = 1E0E07BB1A7E87A7001342C5 /* flap-flay-03.png */; };
		1E0E07BF1A7EFF40001342C5 /* flap-flay-04.png in Resources */ = {isa = PBXBuildFile; fileRef = 1E0E07BD1A7EFF40001342C5 /* flap-flay-04.png */; };
		1E0E07C01A7EFF40001342C5 /* flap-flay-05.png in Resources */ = {isa = PBXBuildFile; fileRef = 1E0E07BE1A7EFF40001342C5 /* flap-flay-05.png */; };
		1E0E07C21A7F003B001342C5 /* flap-flay-start.png in Resources */ = {isa = PBXBuildFile; fileRef = 1E0E07C11A7F003B001342C5 /* flap-flay-start.png */; };
		1E0E07C61A7F0183001342C5 /* star.png in Resources */ = {isa = PBXBuildFile; fileRef = 1E0E07C51A7F0183001342C5 /* star.png */; };
		1E634ECA1A7628B000DAB55A /* main.m in Sources */ = {isa = PBXBuildFile; fileRef = 1E634EC91A7628B000DAB55A /* main.m */; };
		1E634ECD1A7628B000DAB55A /* AppDelegate.m in Sources */ = {isa = PBXBuildFile; fileRef = 1E634ECC1A7628B000DAB55A /* AppDelegate.m */; };
		1E634ED01A7628B000DAB55A /* ViewController.m in Sources */ = {isa = PBXBuildFile; fileRef = 1E634ECF1A7628B000DAB55A /* ViewController.m */; };
		1E634ED31A7628B000DAB55A /* Main.storyboard in Resources */ = {isa = PBXBuildFile; fileRef = 1E634ED11A7628B000DAB55A /* Main.storyboard */; };
		1E634ED51A7628B000DAB55A /* Images.xcassets in Resources */ = {isa = PBXBuildFile; fileRef = 1E634ED41A7628B000DAB55A /* Images.xcassets */; };
		1E634ED81A7628B000DAB55A /* LaunchScreen.xib in Resources */ = {isa = PBXBuildFile; fileRef = 1E634ED61A7628B000DAB55A /* LaunchScreen.xib */; };
		1E634EE41A7628B000DAB55A /* flap_flies3Tests.m in Sources */ = {isa = PBXBuildFile; fileRef = 1E634EE31A7628B000DAB55A /* flap_flies3Tests.m */; };
		1E634EEE1A76291700DAB55A /* fly1.png in Resources */ = {isa = PBXBuildFile; fileRef = 1E634EED1A76291700DAB55A /* fly1.png */; };
		1E634EF11A76293400DAB55A /* GameViewController.m in Sources */ = {isa = PBXBuildFile; fileRef = 1E634EF01A76293400DAB55A /* GameViewController.m */; };
		1E634EF41A7CBEDA00DAB55A /* ResultViewController.m in Sources */ = {isa = PBXBuildFile; fileRef = 1E634EF31A7CBEDA00DAB55A /* ResultViewController.m */; };
/* End PBXBuildFile section */

/* Begin PBXContainerItemProxy section */
		1E634EDE1A7628B000DAB55A /* PBXContainerItemProxy */ = {
			isa = PBXContainerItemProxy;
			containerPortal = 1E634EBC1A7628B000DAB55A /* Project object */;
			proxyType = 1;
			remoteGlobalIDString = 1E634EC31A7628B000DAB55A;
			remoteInfo = "flap flies3";
		};
/* End PBXContainerItemProxy section */

/* Begin PBXFileReference section */
		1E0E07B31A7E8138001342C5 /* flap fly-01.png */ = {isa = PBXFileReference; lastKnownFileType = image.png; path = "flap fly-01.png"; sourceTree = "<group>"; };
		1E0E07B41A7E8139001342C5 /* flap fly-02.png */ = {isa = PBXFileReference; lastKnownFileType = image.png; path = "flap fly-02.png"; sourceTree = "<group>"; };
		1E0E07B71A7E82E1001342C5 /* flap-flay-01.png */ = {isa = PBXFileReference; lastKnownFileType = image.png; path = "flap-flay-01.png"; sourceTree = "<group>"; };
		1E0E07B81A7E82E1001342C5 /* flap-flay-02.png */ = {isa = PBXFileReference; lastKnownFileType = image.png; path = "flap-flay-02.png"; sourceTree = "<group>"; };
		1E0E07BB1A7E87A7001342C5 /* flap-flay-03.png */ = {isa = PBXFileReference; lastKnownFileType = image.png; path = "flap-flay-03.png"; sourceTree = "<group>"; };
		1E0E07BD1A7EFF40001342C5 /* flap-flay-04.png */ = {isa = PBXFileReference; lastKnownFileType = image.png; path = "flap-flay-04.png"; sourceTree = "<group>"; };
		1E0E07BE1A7EFF40001342C5 /* flap-flay-05.png */ = {isa = PBXFileReference; lastKnownFileType = image.png; path = "flap-flay-05.png"; sourceTree = "<group>"; };
		1E0E07C11A7F003B001342C5 /* flap-flay-start.png */ = {isa = PBXFileReference; lastKnownFileType = image.png; path = "flap-flay-start.png"; sourceTree = "<group>"; };
		1E0E07C51A7F0183001342C5 /* star.png */ = {isa = PBXFileReference; lastKnownFileType = image.png; path = star.png; sourceTree = "<group>"; };
		1E634EC41A7628B000DAB55A /* flap flies3.app */ = {isa = PBXFileReference; explicitFileType = wrapper.application; includeInIndex = 0; path = "flap flies3.app"; sourceTree = BUILT_PRODUCTS_DIR; };
		1E634EC81A7628B000DAB55A /* Info.plist */ = {isa = PBXFileReference; lastKnownFileType = text.plist.xml; path = Info.plist; sourceTree = "<group>"; };
		1E634EC91A7628B000DAB55A /* main.m */ = {isa = PBXFileReference; lastKnownFileType = sourcecode.c.objc; path = main.m; sourceTree = "<group>"; };
		1E634ECB1A7628B000DAB55A /* AppDelegate.h */ = {isa = PBXFileReference; lastKnownFileType = sourcecode.c.h; path = AppDelegate.h; sourceTree = "<group>"; };
		1E634ECC1A7628B000DAB55A /* AppDelegate.m */ = {isa = PBXFileReference; lastKnownFileType = sourcecode.c.objc; path = AppDelegate.m; sourceTree = "<group>"; };
		1E634ECE1A7628B000DAB55A /* ViewController.h */ = {isa = PBXFileReference; lastKnownFileType = sourcecode.c.h; path = ViewController.h; sourceTree = "<group>"; };
		1E634ECF1A7628B000DAB55A /* ViewController.m */ = {isa = PBXFileReference; lastKnownFileType = sourcecode.c.objc; path = ViewController.m; sourceTree = "<group>"; };
		1E634ED21A7628B000DAB55A /* Base */ = {isa = PBXFileReference; lastKnownFileType = file.storyboard; name = Base; path = Base.lproj/Main.storyboard; sourceTree = "<group>"; };
		1E634ED41A7628B000DAB55A /* Images.xcassets */ = {isa = PBXFileReference; lastKnownFileType = folder.assetcatalog; path = Images.xcassets; sourceTree = "<group>"; };
		1E634ED71A7628B000DAB55A /* Base */ = {isa = PBXFileReference; lastKnownFileType = file.xib; name = Base; path = Base.lproj/LaunchScreen.xib; sourceTree = "<group>"; };
		1E634EDD1A7628B000DAB55A /* flap flies3Tests.xctest */ = {isa = PBXFileReference; explicitFileType = wrapper.cfbundle; includeInIndex = 0; path = "flap flies3Tests.xctest"; sourceTree = BUILT_PRODUCTS_DIR; };
		1E634EE21A7628B000DAB55A /* Info.plist */ = {isa = PBXFileReference; lastKnownFileType = text.plist.xml; path = Info.plist; sourceTree = "<group>"; };
		1E634EE31A7628B000DAB55A /* flap_flies3Tests.m */ = {isa = PBXFileReference; lastKnownFileType = sourcecode.c.objc; path = flap_flies3Tests.m; sourceTree = "<group>"; };
		1E634EED1A76291700DAB55A /* fly1.png */ = {isa = PBXFileReference; lastKnownFileType = image.png; path = fly1.png; sourceTree = "<group>"; };
		1E634EEF1A76293400DAB55A /* GameViewController.h */ = {isa = PBXFileReference; fileEncoding = 4; lastKnownFileType = sourcecode.c.h; path = GameViewController.h; sourceTree = "<group>"; };
		1E634EF01A76293400DAB55A /* GameViewController.m */ = {isa = PBXFileReference; fileEncoding = 4; lastKnownFileType = sourcecode.c.objc; path = GameViewController.m; sourceTree = "<group>"; };
		1E634EF21A7CBEDA00DAB55A /* ResultViewController.h */ = {isa = PBXFileReference; fileEncoding = 4; lastKnownFileType = sourcecode.c.h; path = ResultViewController.h; sourceTree = "<group>"; };
		1E634EF31A7CBEDA00DAB55A /* ResultViewController.m */ = {isa = PBXFileReference; fileEncoding = 4; lastKnownFileType = sourcecode.c.objc; path = ResultViewController.m; sourceTree = "<group>"; };
/* End PBXFileReference section */

/* Begin PBXFrameworksBuildPhase section */
		1E634EC11A7628B000DAB55A /* Frameworks */ = {
			isa = PBXFrameworksBuildPhase;
			buildActionMask = 2147483647;
			files = (
			);
			runOnlyForDeploymentPostprocessing = 0;
		};
		1E634EDA1A7628B000DAB55A /* Frameworks */ = {
			isa = PBXFrameworksBuildPhase;
			buildActionMask = 2147483647;
			files = (
			);
			runOnlyForDeploymentPostprocessing = 0;
		};
/* End PBXFrameworksBuildPhase section */

/* Begin PBXGroup section */
		1E634EBB1A7628B000DAB55A = {
			isa = PBXGroup;
			children = (
				1E634EC61A7628B000DAB55A /* flap flies3 */,
				1E634EE01A7628B000DAB55A /* flap flies3Tests */,
				1E634EC51A7628B000DAB55A /* Products */,
			);
			sourceTree = "<group>";
		};
		1E634EC51A7628B000DAB55A /* Products */ = {
			isa = PBXGroup;
			children = (
				1E634EC41A7628B000DAB55A /* flap flies3.app */,
				1E634EDD1A7628B000DAB55A /* flap flies3Tests.xctest */,
			);
			name = Products;
			sourceTree = "<group>";
		};
		1E634EC61A7628B000DAB55A /* flap flies3 */ = {
			isa = PBXGroup;
			children = (
				1E634ECB1A7628B000DAB55A /* AppDelegate.h */,
				1E634ECC1A7628B000DAB55A /* AppDelegate.m */,
				1E634ECE1A7628B000DAB55A /* ViewController.h */,
				1E634ECF1A7628B000DAB55A /* ViewController.m */,
				1E634EEF1A76293400DAB55A /* GameViewController.h */,
				1E634EF01A76293400DAB55A /* GameViewController.m */,
				1E634EF21A7CBEDA00DAB55A /* ResultViewController.h */,
				1E634EF31A7CBEDA00DAB55A /* ResultViewController.m */,
				1E634ED11A7628B000DAB55A /* Main.storyboard */,
				1E634ED41A7628B000DAB55A /* Images.xcassets */,
				1E634ED61A7628B000DAB55A /* LaunchScreen.xib */,
				1E634EC71A7628B000DAB55A /* Supporting Files */,
			);
			path = "flap flies3";
			sourceTree = "<group>";
		};
		1E634EC71A7628B000DAB55A /* Supporting Files */ = {
			isa = PBXGroup;
			children = (
				1E0E07C51A7F0183001342C5 /* star.png */,
				1E0E07C11A7F003B001342C5 /* flap-flay-start.png */,
				1E0E07BD1A7EFF40001342C5 /* flap-flay-04.png */,
				1E0E07BE1A7EFF40001342C5 /* flap-flay-05.png */,
				1E0E07BB1A7E87A7001342C5 /* flap-flay-03.png */,
				1E0E07B71A7E82E1001342C5 /* flap-flay-01.png */,
				1E0E07B81A7E82E1001342C5 /* flap-flay-02.png */,
				1E0E07B31A7E8138001342C5 /* flap fly-01.png */,
				1E0E07B41A7E8139001342C5 /* flap fly-02.png */,
				1E634EED1A76291700DAB55A /* fly1.png */,
				1E634EC81A7628B000DAB55A /* Info.plist */,
				1E634EC91A7628B000DAB55A /* main.m */,
			);
			name = "Supporting Files";
			sourceTree = "<group>";
		};
		1E634EE01A7628B000DAB55A /* flap flies3Tests */ = {
			isa = PBXGroup;
			children = (
				1E634EE31A7628B000DAB55A /* flap_flies3Tests.m */,
				1E634EE11A7628B000DAB55A /* Supporting Files */,
			);
			path = "flap flies3Tests";
			sourceTree = "<group>";
		};
		1E634EE11A7628B000DAB55A /* Supporting Files */ = {
			isa = PBXGroup;
			children = (
				1E634EE21A7628B000DAB55A /* Info.plist */,
			);
			name = "Supporting Files";
			sourceTree = "<group>";
		};
/* End PBXGroup section */

/* Begin PBXNativeTarget section */
		1E634EC31A7628B000DAB55A /* flap flies3 */ = {
			isa = PBXNativeTarget;
			buildConfigurationList = 1E634EE71A7628B000DAB55A /* Build configuration list for PBXNativeTarget "flap flies3" */;
			buildPhases = (
				1E634EC01A7628B000DAB55A /* Sources */,
				1E634EC11A7628B000DAB55A /* Frameworks */,
				1E634EC21A7628B000DAB55A /* Resources */,
			);
			buildRules = (
			);
			dependencies = (
			);
			name = "flap flies3";
			productName = "flap flies3";
			productReference = 1E634EC41A7628B000DAB55A /* flap flies3.app */;
			productType = "com.apple.product-type.application";
		};
		1E634EDC1A7628B000DAB55A /* flap flies3Tests */ = {
			isa = PBXNativeTarget;
			buildConfigurationList = 1E634EEA1A7628B000DAB55A /* Build configuration list for PBXNativeTarget "flap flies3Tests" */;
			buildPhases = (
				1E634ED91A7628B000DAB55A /* Sources */,
				1E634EDA1A7628B000DAB55A /* Frameworks */,
				1E634EDB1A7628B000DAB55A /* Resources */,
			);
			buildRules = (
			);
			dependencies = (
				1E634EDF1A7628B000DAB55A /* PBXTargetDependency */,
			);
			name = "flap flies3Tests";
			productName = "flap flies3Tests";
			productReference = 1E634EDD1A7628B000DAB55A /* flap flies3Tests.xctest */;
			productType = "com.apple.product-type.bundle.unit-test";
		};
/* End PBXNativeTarget section */

/* Begin PBXProject section */
		1E634EBC1A7628B000DAB55A /* Project object */ = {
			isa = PBXProject;
			attributes = {
				LastUpgradeCheck = 0610;
				ORGANIZATIONNAME = "Nakayama Takahito";
				TargetAttributes = {
					1E634EC31A7628B000DAB55A = {
						CreatedOnToolsVersion = 6.1.1;
					};
					1E634EDC1A7628B000DAB55A = {
						CreatedOnToolsVersion = 6.1.1;
						TestTargetID = 1E634EC31A7628B000DAB55A;
					};
				};
			};
			buildConfigurationList = 1E634EBF1A7628B000DAB55A /* Build configuration list for PBXProject "flap flies3" */;
			compatibilityVersion = "Xcode 3.2";
			developmentRegion = English;
			hasScannedForEncodings = 0;
			knownRegions = (
				en,
				Base,
			);
			mainGroup = 1E634EBB1A7628B000DAB55A;
			productRefGroup = 1E634EC51A7628B000DAB55A /* Products */;
			projectDirPath = "";
			projectRoot = "";
			targets = (
				1E634EC31A7628B000DAB55A /* flap flies3 */,
				1E634EDC1A7628B000DAB55A /* flap flies3Tests */,
			);
		};
/* End PBXProject section */

/* Begin PBXResourcesBuildPhase section */
		1E634EC21A7628B000DAB55A /* Resources */ = {
			isa = PBXResourcesBuildPhase;
			buildActionMask = 2147483647;
			files = (
				1E0E07B51A7E8139001342C5 /* flap fly-01.png in Resources */,
				1E0E07C21A7F003B001342C5 /* flap-flay-start.png in Resources */,
				1E0E07B61A7E8139001342C5 /* flap fly-02.png in Resources */,
				1E0E07B91A7E82E1001342C5 /* flap-flay-01.png in Resources */,
				1E634ED31A7628B000DAB55A /* Main.storyboard in Resources */,
				1E0E07BF1A7EFF40001342C5 /* flap-flay-04.png in Resources */,
				1E634ED81A7628B000DAB55A /* LaunchScreen.xib in Resources */,
				1E634ED51A7628B000DAB55A /* Images.xcassets in Resources */,
				1E0E07BA1A7E82E1001342C5 /* flap-flay-02.png in Resources */,
				1E0E07C61A7F0183001342C5 /* star.png in Resources */,
				1E634EEE1A76291700DAB55A /* fly1.png in Resources */,
				1E0E07C01A7EFF40001342C5 /* flap-flay-05.png in Resources */,
				1E0E07BC1A7E87A7001342C5 /* flap-flay-03.png in Resources */,
			);
			runOnlyForDeploymentPostprocessing = 0;
		};
		1E634EDB1A7628B000DAB55A /* Resources */ = {
			isa = PBXResourcesBuildPhase;
			buildActionMask = 2147483647;
			files = (
			);
			runOnlyForDeploymentPostprocessing = 0;
		};
/* End PBXResourcesBuildPhase section */

/* Begin PBXSourcesBuildPhase section */
		1E634EC01A7628B000DAB55A /* Sources */ = {
			isa = PBXSourcesBuildPhase;
			buildActionMask = 2147483647;
			files = (
				1E634EF11A76293400DAB55A /* GameViewController.m in Sources */,
				1E634ED01A7628B000DAB55A /* ViewController.m in Sources */,
				1E634ECD1A7628B000DAB55A /* AppDelegate.m in Sources */,
				1E634EF41A7CBEDA00DAB55A /* ResultViewController.m in Sources */,
				1E634ECA1A7628B000DAB55A /* main.m in Sources */,
			);
			runOnlyForDeploymentPostprocessing = 0;
		};
		1E634ED91A7628B000DAB55A /* Sources */ = {
			isa = PBXSourcesBuildPhase;
			buildActionMask = 2147483647;
			files = (
				1E634EE41A7628B000DAB55A /* flap_flies3Tests.m in Sources */,
			);
			runOnlyForDeploymentPostprocessing = 0;
		};
/* End PBXSourcesBuildPhase section */

/* Begin PBXTargetDependency section */
		1E634EDF1A7628B000DAB55A /* PBXTargetDependency */ = {
			isa = PBXTargetDependency;
			target = 1E634EC31A7628B000DAB55A /* flap flies3 */;
			targetProxy = 1E634EDE1A7628B000DAB55A /* PBXContainerItemProxy */;
		};
/* End PBXTargetDependency section */

/* Begin PBXVariantGroup section */
		1E634ED11A7628B000DAB55A /* Main.storyboard */ = {
			isa = PBXVariantGroup;
			children = (
				1E634ED21A7628B000DAB55A /* Base */,
			);
			name = Main.storyboard;
			sourceTree = "<group>";
		};
		1E634ED61A7628B000DAB55A /* LaunchScreen.xib */ = {
			isa = PBXVariantGroup;
			children = (
				1E634ED71A7628B000DAB55A /* Base */,
			);
			name = LaunchScreen.xib;
			sourceTree = "<group>";
		};
/* End PBXVariantGroup section */

/* Begin XCBuildConfiguration section */
		1E634EE51A7628B000DAB55A /* Debug */ = {
			isa = XCBuildConfiguration;
			buildSettings = {
				ALWAYS_SEARCH_USER_PATHS = NO;
				CLANG_CXX_LANGUAGE_STANDARD = "gnu++0x";
				CLANG_CXX_LIBRARY = "libc++";
				CLANG_ENABLE_MODULES = YES;
				CLANG_ENABLE_OBJC_ARC = YES;
				CLANG_WARN_BOOL_CONVERSION = YES;
				CLANG_WARN_CONSTANT_CONVERSION = YES;
				CLANG_WARN_DIRECT_OBJC_ISA_USAGE = YES_ERROR;
				CLANG_WARN_EMPTY_BODY = YES;
				CLANG_WARN_ENUM_CONVERSION = YES;
				CLANG_WARN_INT_CONVERSION = YES;
				CLANG_WARN_OBJC_ROOT_CLASS = YES_ERROR;
				CLANG_WARN_UNREACHABLE_CODE = YES;
				CLANG_WARN__DUPLICATE_METHOD_MATCH = YES;
				"CODE_SIGN_IDENTITY[sdk=iphoneos*]" = "iPhone Developer";
				COPY_PHASE_STRIP = NO;
				ENABLE_STRICT_OBJC_MSGSEND = YES;
				GCC_C_LANGUAGE_STANDARD = gnu99;
				GCC_DYNAMIC_NO_PIC = NO;
				GCC_OPTIMIZATION_LEVEL = 0;
				GCC_PREPROCESSOR_DEFINITIONS = (
					"DEBUG=1",
					"$(inherited)",
				);
				GCC_SYMBOLS_PRIVATE_EXTERN = NO;
				GCC_WARN_64_TO_32_BIT_CONVERSION = YES;
				GCC_WARN_ABOUT_RETURN_TYPE = YES_ERROR;
				GCC_WARN_UNDECLARED_SELECTOR = YES;
				GCC_WARN_UNINITIALIZED_AUTOS = YES_AGGRESSIVE;
				GCC_WARN_UNUSED_FUNCTION = YES;
				GCC_WARN_UNUSED_VARIABLE = YES;
				IPHONEOS_DEPLOYMENT_TARGET = 8.1;
				MTL_ENABLE_DEBUG_INFO = YES;
				ONLY_ACTIVE_ARCH = YES;
				SDKROOT = iphoneos;
			};
			name = Debug;
		};
		1E634EE61A7628B000DAB55A /* Release */ = {
			isa = XCBuildConfiguration;
			buildSettings = {
				ALWAYS_SEARCH_USER_PATHS = NO;
				CLANG_CXX_LANGUAGE_STANDARD = "gnu++0x";
				CLANG_CXX_LIBRARY = "libc++";
				CLANG_ENABLE_MODULES = YES;
				CLANG_ENABLE_OBJC_ARC = YES;
				CLANG_WARN_BOOL_CONVERSION = YES;
				CLANG_WARN_CONSTANT_CONVERSION = YES;
				CLANG_WARN_DIRECT_OBJC_ISA_USAGE = YES_ERROR;
				CLANG_WARN_EMPTY_BODY = YES;
				CLANG_WARN_ENUM_CONVERSION = YES;
				CLANG_WARN_INT_CONVERSION = YES;
				CLANG_WARN_OBJC_ROOT_CLASS = YES_ERROR;
				CLANG_WARN_UNREACHABLE_CODE = YES;
				CLANG_WARN__DUPLICATE_METHOD_MATCH = YES;
				"CODE_SIGN_IDENTITY[sdk=iphoneos*]" = "iPhone Developer";
				COPY_PHASE_STRIP = YES;
				ENABLE_NS_ASSERTIONS = NO;
				ENABLE_STRICT_OBJC_MSGSEND = YES;
				GCC_C_LANGUAGE_STANDARD = gnu99;
				GCC_WARN_64_TO_32_BIT_CONVERSION = YES;
				GCC_WARN_ABOUT_RETURN_TYPE = YES_ERROR;
				GCC_WARN_UNDECLARED_SELECTOR = YES;
				GCC_WARN_UNINITIALIZED_AUTOS = YES_AGGRESSIVE;
				GCC_WARN_UNUSED_FUNCTION = YES;
				GCC_WARN_UNUSED_VARIABLE = YES;
				IPHONEOS_DEPLOYMENT_TARGET = 8.1;
				MTL_ENABLE_DEBUG_INFO = NO;
				SDKROOT = iphoneos;
				VALIDATE_PRODUCT = YES;
			};
			name = Release;
		};
		1E634EE81A7628B000DAB55A /* Debug */ = {
			isa = XCBuildConfiguration;
			buildSettings = {
				ASSETCATALOG_COMPILER_APPICON_NAME = AppIcon;
				INFOPLIST_FILE = "flap flies3/Info.plist";
				LD_RUNPATH_SEARCH_PATHS = "$(inherited) @executable_path/Frameworks";
				PRODUCT_NAME = "$(TARGET_NAME)";
			};
			name = Debug;
		};
		1E634EE91A7628B000DAB55A /* Release */ = {
			isa = XCBuildConfiguration;
			buildSettings = {
				ASSETCATALOG_COMPILER_APPICON_NAME = AppIcon;
				INFOPLIST_FILE = "flap flies3/Info.plist";
				LD_RUNPATH_SEARCH_PATHS = "$(inherited) @executable_path/Frameworks";
				PRODUCT_NAME = "$(TARGET_NAME)";
			};
			name = Release;
		};
		1E634EEB1A7628B000DAB55A /* Debug */ = {
			isa = XCBuildConfiguration;
			buildSettings = {
				BUNDLE_LOADER = "$(TEST_HOST)";
				FRAMEWORK_SEARCH_PATHS = (
					"$(SDKROOT)/Developer/Library/Frameworks",
					"$(inherited)",
				);
				GCC_PREPROCESSOR_DEFINITIONS = (
					"DEBUG=1",
					"$(inherited)",
				);
				INFOPLIST_FILE = "flap flies3Tests/Info.plist";
				LD_RUNPATH_SEARCH_PATHS = "$(inherited) @executable_path/Frameworks @loader_path/Frameworks";
				PRODUCT_NAME = "$(TARGET_NAME)";
				TEST_HOST = "$(BUILT_PRODUCTS_DIR)/flap flies3.app/flap flies3";
			};
			name = Debug;
		};
		1E634EEC1A7628B000DAB55A /* Release */ = {
			isa = XCBuildConfiguration;
			buildSettings = {
				BUNDLE_LOADER = "$(TEST_HOST)";
				FRAMEWORK_SEARCH_PATHS = (
					"$(SDKROOT)/Developer/Library/Frameworks",
					"$(inherited)",
				);
				INFOPLIST_FILE = "flap flies3Tests/Info.plist";
				LD_RUNPATH_SEARCH_PATHS = "$(inherited) @executable_path/Frameworks @loader_path/Frameworks";
				PRODUCT_NAME = "$(TARGET_NAME)";
				TEST_HOST = "$(BUILT_PRODUCTS_DIR)/flap flies3.app/flap flies3";
			};
			name = Release;
		};
/* End XCBuildConfiguration section */

/* Begin XCConfigurationList section */
		1E634EBF1A7628B000DAB55A /* Build configuration list for PBXProject "flap flies3" */ = {
			isa = XCConfigurationList;
			buildConfigurations = (
				1E634EE51A7628B000DAB55A /* Debug */,
				1E634EE61A7628B000DAB55A /* Release */,
			);
			defaultConfigurationIsVisible = 0;
			defaultConfigurationName = Release;
		};
		1E634EE71A7628B000DAB55A /* Build configuration list for PBXNativeTarget "flap flies3" */ = {
			isa = XCConfigurationList;
			buildConfigurations = (
				1E634EE81A7628B000DAB55A /* Debug */,
				1E634EE91A7628B000DAB55A /* Release */,
			);
			defaultConfigurationIsVisible = 0;
			defaultConfigurationName = Release;
		};
		1E634EEA1A7628B000DAB55A /* Build configuration list for PBXNativeTarget "flap flies3Tests" */ = {
			isa = XCConfigurationList;
			buildConfigurations = (
				1E634EEB1A7628B000DAB55A /* Debug */,
				1E634EEC1A7628B000DAB55A /* Release */,
			);
			defaultConfigurationIsVisible = 0;
			defaultConfigurationName = Release;
		};
/* End XCConfigurationList section */
	};
	rootObject = 1E634EBC1A7628B000DAB55A /* Project object */;
}
